// !$*UTF8*$!
{
	archiveVersion = 1;
	classes = {
	};
	objectVersion = 50;
	objects = {

/* Begin PBXBuildFile section */
		88286F93206FD431003E7ACD /* main.swift in Sources */ = {isa = PBXBuildFile; fileRef = 88286F92206FD431003E7ACD /* main.swift */; };
		88A470FC20703BA7002E12E8 /* FileSystem.swift in Sources */ = {isa = PBXBuildFile; fileRef = 88A470FB20703BA7002E12E8 /* FileSystem.swift */; };
		88A470FE20703BCD002E12E8 /* Neutrino.swift in Sources */ = {isa = PBXBuildFile; fileRef = 88A470FD20703BCD002E12E8 /* Neutrino.swift */; };
		88A4710020705CB8002E12E8 /* Window.swift in Sources */ = {isa = PBXBuildFile; fileRef = 88A470FF20705CB8002E12E8 /* Window.swift */; };
		88B9DA24207D64EE005359C5 /* App.swift in Sources */ = {isa = PBXBuildFile; fileRef = 88B9DA23207D64EE005359C5 /* App.swift */; };
		88F259FC207BEDB6009B02B3 /* Menu.swift in Sources */ = {isa = PBXBuildFile; fileRef = 88F259FB207BEDB6009B02B3 /* Menu.swift */; };
/* End PBXBuildFile section */

/* Begin PBXCopyFilesBuildPhase section */
		88286F8D206FD431003E7ACD /* CopyFiles */ = {
			isa = PBXCopyFilesBuildPhase;
			buildActionMask = 2147483647;
			dstPath = /usr/share/man/man1/;
			dstSubfolderSpec = 0;
			files = (
			);
			runOnlyForDeploymentPostprocessing = 1;
		};
/* End PBXCopyFilesBuildPhase section */

/* Begin PBXFileReference section */
		88286F8F206FD431003E7ACD /* Neutrino */ = {isa = PBXFileReference; explicitFileType = "compiled.mach-o.executable"; includeInIndex = 0; path = Neutrino; sourceTree = BUILT_PRODUCTS_DIR; };
		88286F92206FD431003E7ACD /* main.swift */ = {isa = PBXFileReference; lastKnownFileType = sourcecode.swift; path = main.swift; sourceTree = "<group>"; };
		88286F99206FD451003E7ACD /* Info.plist */ = {isa = PBXFileReference; lastKnownFileType = text.plist.xml; path = Info.plist; sourceTree = "<group>"; };
		88A470FB20703BA7002E12E8 /* FileSystem.swift */ = {isa = PBXFileReference; lastKnownFileType = sourcecode.swift; path = FileSystem.swift; sourceTree = "<group>"; };
		88A470FD20703BCD002E12E8 /* Neutrino.swift */ = {isa = PBXFileReference; lastKnownFileType = sourcecode.swift; path = Neutrino.swift; sourceTree = "<group>"; };
		88A470FF20705CB8002E12E8 /* Window.swift */ = {isa = PBXFileReference; lastKnownFileType = sourcecode.swift; path = Window.swift; sourceTree = "<group>"; };
		88B9DA23207D64EE005359C5 /* App.swift */ = {isa = PBXFileReference; lastKnownFileType = sourcecode.swift; path = App.swift; sourceTree = "<group>"; };
		88F259FB207BEDB6009B02B3 /* Menu.swift */ = {isa = PBXFileReference; lastKnownFileType = sourcecode.swift; path = Menu.swift; sourceTree = "<group>"; };
/* End PBXFileReference section */

/* Begin PBXFrameworksBuildPhase section */
		88286F8C206FD431003E7ACD /* Frameworks */ = {
			isa = PBXFrameworksBuildPhase;
			buildActionMask = 2147483647;
			files = (
			);
			runOnlyForDeploymentPostprocessing = 0;
		};
/* End PBXFrameworksBuildPhase section */

/* Begin PBXGroup section */
		88286F86206FD431003E7ACD = {
			isa = PBXGroup;
			children = (
				88286F91206FD431003E7ACD /* Neutrino */,
				88286F90206FD431003E7ACD /* Products */,
			);
			sourceTree = "<group>";
		};
		88286F90206FD431003E7ACD /* Products */ = {
			isa = PBXGroup;
			children = (
				88286F8F206FD431003E7ACD /* Neutrino */,
			);
			name = Products;
			sourceTree = "<group>";
		};
		88286F91206FD431003E7ACD /* Neutrino */ = {
			isa = PBXGroup;
			children = (
				88A470FA20703B98002E12E8 /* Modules */,
				88286F92206FD431003E7ACD /* main.swift */,
				88A470FD20703BCD002E12E8 /* Neutrino.swift */,
				88286F99206FD451003E7ACD /* Info.plist */,
			);
			path = Neutrino;
			sourceTree = "<group>";
		};
		88A470FA20703B98002E12E8 /* Modules */ = {
			isa = PBXGroup;
			children = (
				88B9DA23207D64EE005359C5 /* App.swift */,
				88A470FB20703BA7002E12E8 /* FileSystem.swift */,
				88A470FF20705CB8002E12E8 /* Window.swift */,
				88F259FB207BEDB6009B02B3 /* Menu.swift */,
			);
			path = Modules;
			sourceTree = "<group>";
		};
/* End PBXGroup section */

/* Begin PBXNativeTarget section */
		88286F8E206FD431003E7ACD /* Neutrino */ = {
			isa = PBXNativeTarget;
			buildConfigurationList = 88286F96206FD431003E7ACD /* Build configuration list for PBXNativeTarget "Neutrino" */;
			buildPhases = (
				88286F8B206FD431003E7ACD /* Sources */,
				88286F8C206FD431003E7ACD /* Frameworks */,
				88286F8D206FD431003E7ACD /* CopyFiles */,
			);
			buildRules = (
			);
			dependencies = (
			);
			name = Neutrino;
			productName = Neutrino2;
			productReference = 88286F8F206FD431003E7ACD /* Neutrino */;
			productType = "com.apple.product-type.tool";
		};
/* End PBXNativeTarget section */

/* Begin PBXProject section */
		88286F87206FD431003E7ACD /* Project object */ = {
			isa = PBXProject;
			attributes = {
				LastSwiftUpdateCheck = 0930;
				LastUpgradeCheck = 0930;
				ORGANIZATIONNAME = "Simon Hochrein";
				TargetAttributes = {
					88286F8E206FD431003E7ACD = {
						CreatedOnToolsVersion = 9.3;
					};
				};
			};
			buildConfigurationList = 88286F8A206FD431003E7ACD /* Build configuration list for PBXProject "Neutrino" */;
			compatibilityVersion = "Xcode 9.3";
			developmentRegion = en;
			hasScannedForEncodings = 0;
			knownRegions = (
				en,
			);
			mainGroup = 88286F86206FD431003E7ACD;
			productRefGroup = 88286F90206FD431003E7ACD /* Products */;
			projectDirPath = "";
			projectRoot = "";
			targets = (
				88286F8E206FD431003E7ACD /* Neutrino */,
			);
		};
/* End PBXProject section */

/* Begin PBXSourcesBuildPhase section */
		88286F8B206FD431003E7ACD /* Sources */ = {
			isa = PBXSourcesBuildPhase;
			buildActionMask = 2147483647;
			files = (
				88A470FE20703BCD002E12E8 /* Neutrino.swift in Sources */,
				88A470FC20703BA7002E12E8 /* FileSystem.swift in Sources */,
				88286F93206FD431003E7ACD /* main.swift in Sources */,
				88B9DA24207D64EE005359C5 /* App.swift in Sources */,
				88A4710020705CB8002E12E8 /* Window.swift in Sources */,
				88F259FC207BEDB6009B02B3 /* Menu.swift in Sources */,
			);
			runOnlyForDeploymentPostprocessing = 0;
		};
/* End PBXSourcesBuildPhase section */

/* Begin XCBuildConfiguration section */
		88286F94206FD431003E7ACD /* Debug */ = {
			isa = XCBuildConfiguration;
			buildSettings = {
				ALWAYS_SEARCH_USER_PATHS = NO;
				CLANG_ANALYZER_NONNULL = YES;
				CLANG_ANALYZER_NUMBER_OBJECT_CONVERSION = YES_AGGRESSIVE;
				CLANG_CXX_LANGUAGE_STANDARD = "gnu++14";
				CLANG_CXX_LIBRARY = "libc++";
				CLANG_ENABLE_MODULES = YES;
				CLANG_ENABLE_OBJC_ARC = YES;
				CLANG_ENABLE_OBJC_WEAK = YES;
				CLANG_WARN_BLOCK_CAPTURE_AUTORELEASING = YES;
				CLANG_WARN_BOOL_CONVERSION = YES;
				CLANG_WARN_COMMA = YES;
				CLANG_WARN_CONSTANT_CONVERSION = YES;
				CLANG_WARN_DEPRECATED_OBJC_IMPLEMENTATIONS = YES;
				CLANG_WARN_DIRECT_OBJC_ISA_USAGE = YES_ERROR;
				CLANG_WARN_DOCUMENTATION_COMMENTS = YES;
				CLANG_WARN_EMPTY_BODY = YES;
				CLANG_WARN_ENUM_CONVERSION = YES;
				CLANG_WARN_INFINITE_RECURSION = YES;
				CLANG_WARN_INT_CONVERSION = YES;
				CLANG_WARN_NON_LITERAL_NULL_CONVERSION = YES;
				CLANG_WARN_OBJC_IMPLICIT_RETAIN_SELF = YES;
				CLANG_WARN_OBJC_LITERAL_CONVERSION = YES;
				CLANG_WARN_OBJC_ROOT_CLASS = YES_ERROR;
				CLANG_WARN_RANGE_LOOP_ANALYSIS = YES;
				CLANG_WARN_STRICT_PROTOTYPES = YES;
				CLANG_WARN_SUSPICIOUS_MOVE = YES;
				CLANG_WARN_UNGUARDED_AVAILABILITY = YES_AGGRESSIVE;
				CLANG_WARN_UNREACHABLE_CODE = YES;
				CLANG_WARN__DUPLICATE_METHOD_MATCH = YES;
				CODE_SIGN_IDENTITY = "Mac Developer";
				COPY_PHASE_STRIP = NO;
				DEBUG_INFORMATION_FORMAT = dwarf;
				ENABLE_STRICT_OBJC_MSGSEND = YES;
				ENABLE_TESTABILITY = YES;
				GCC_C_LANGUAGE_STANDARD = gnu11;
				GCC_DYNAMIC_NO_PIC = NO;
				GCC_NO_COMMON_BLOCKS = YES;
				GCC_OPTIMIZATION_LEVEL = 0;
				GCC_PREPROCESSOR_DEFINITIONS = (
					"DEBUG=1",
					"$(inherited)",
				);
				GCC_WARN_64_TO_32_BIT_CONVERSION = YES;
				GCC_WARN_ABOUT_RETURN_TYPE = YES_ERROR;
				GCC_WARN_UNDECLARED_SELECTOR = YES;
				GCC_WARN_UNINITIALIZED_AUTOS = YES_AGGRESSIVE;
				GCC_WARN_UNUSED_FUNCTION = YES;
				GCC_WARN_UNUSED_VARIABLE = YES;
				MACOSX_DEPLOYMENT_TARGET = 10.13;
				MTL_ENABLE_DEBUG_INFO = YES;
				ONLY_ACTIVE_ARCH = YES;
				SDKROOT = macosx;
				SWIFT_ACTIVE_COMPILATION_CONDITIONS = DEBUG;
				SWIFT_OPTIMIZATION_LEVEL = "-Onone";
			};
			name = Debug;
		};
		88286F95206FD431003E7ACD /* Release */ = {
			isa = XCBuildConfiguration;
			buildSettings = {
				ALWAYS_SEARCH_USER_PATHS = NO;
				CLANG_ANALYZER_NONNULL = YES;
				CLANG_ANALYZER_NUMBER_OBJECT_CONVERSION = YES_AGGRESSIVE;
				CLANG_CXX_LANGUAGE_STANDARD = "gnu++14";
				CLANG_CXX_LIBRARY = "libc++";
				CLANG_ENABLE_MODULES = YES;
				CLANG_ENABLE_OBJC_ARC = YES;
				CLANG_ENABLE_OBJC_WEAK = YES;
				CLANG_WARN_BLOCK_CAPTURE_AUTORELEASING = YES;
				CLANG_WARN_BOOL_CONVERSION = YES;
				CLANG_WARN_COMMA = YES;
				CLANG_WARN_CONSTANT_CONVERSION = YES;
				CLANG_WARN_DEPRECATED_OBJC_IMPLEMENTATIONS = YES;
				CLANG_WARN_DIRECT_OBJC_ISA_USAGE = YES_ERROR;
				CLANG_WARN_DOCUMENTATION_COMMENTS = YES;
				CLANG_WARN_EMPTY_BODY = YES;
				CLANG_WARN_ENUM_CONVERSION = YES;
				CLANG_WARN_INFINITE_RECURSION = YES;
				CLANG_WARN_INT_CONVERSION = YES;
				CLANG_WARN_NON_LITERAL_NULL_CONVERSION = YES;
				CLANG_WARN_OBJC_IMPLICIT_RETAIN_SELF = YES;
				CLANG_WARN_OBJC_LITERAL_CONVERSION = YES;
				CLANG_WARN_OBJC_ROOT_CLASS = YES_ERROR;
				CLANG_WARN_RANGE_LOOP_ANALYSIS = YES;
				CLANG_WARN_STRICT_PROTOTYPES = YES;
				CLANG_WARN_SUSPICIOUS_MOVE = YES;
				CLANG_WARN_UNGUARDED_AVAILABILITY = YES_AGGRESSIVE;
				CLANG_WARN_UNREACHABLE_CODE = YES;
				CLANG_WARN__DUPLICATE_METHOD_MATCH = YES;
				CODE_SIGN_IDENTITY = "Mac Developer";
				COPY_PHASE_STRIP = NO;
				DEBUG_INFORMATION_FORMAT = "dwarf-with-dsym";
				ENABLE_NS_ASSERTIONS = NO;
				ENABLE_STRICT_OBJC_MSGSEND = YES;
				GCC_C_LANGUAGE_STANDARD = gnu11;
				GCC_NO_COMMON_BLOCKS = YES;
				GCC_WARN_64_TO_32_BIT_CONVERSION = YES;
				GCC_WARN_ABOUT_RETURN_TYPE = YES_ERROR;
				GCC_WARN_UNDECLARED_SELECTOR = YES;
				GCC_WARN_UNINITIALIZED_AUTOS = YES_AGGRESSIVE;
				GCC_WARN_UNUSED_FUNCTION = YES;
				GCC_WARN_UNUSED_VARIABLE = YES;
				MACOSX_DEPLOYMENT_TARGET = 10.13;
				MTL_ENABLE_DEBUG_INFO = NO;
				SDKROOT = macosx;
				SWIFT_COMPILATION_MODE = wholemodule;
				SWIFT_OPTIMIZATION_LEVEL = "-O";
			};
			name = Release;
		};
		88286F97206FD431003E7ACD /* Debug */ = {
			isa = XCBuildConfiguration;
			buildSettings = {
				CODE_SIGN_STYLE = Manual;
				DEVELOPMENT_TEAM = H33556F7CD;
				INFOPLIST_FILE = "$(SRCROOT)/Neutrino/Info.plist";
				PRODUCT_BUNDLE_IDENTIFIER = Neutrino;
				PRODUCT_NAME = "$(TARGET_NAME)";
				PROVISIONING_PROFILE_SPECIFIER = "";
				SWIFT_VERSION = 4.0;
			};
			name = Debug;
		};
		88286F98206FD431003E7ACD /* Release */ = {
			isa = XCBuildConfiguration;
			buildSettings = {
				CODE_SIGN_STYLE = Manual;
				DEVELOPMENT_TEAM = H33556F7CD;
				INFOPLIST_FILE = "$(SRCROOT)/Neutrino/Info.plist";
				PRODUCT_BUNDLE_IDENTIFIER = Neutrino;
				PRODUCT_NAME = "$(TARGET_NAME)";
				PROVISIONING_PROFILE_SPECIFIER = "";
				SWIFT_VERSION = 4.0;
			};
			name = Release;
		};
/* End XCBuildConfiguration section */

/* Begin XCConfigurationList section */
		88286F8A206FD431003E7ACD /* Build configuration list for PBXProject "Neutrino" */ = {
			isa = XCConfigurationList;
			buildConfigurations = (
				88286F94206FD431003E7ACD /* Debug */,
				88286F95206FD431003E7ACD /* Release */,
			);
			defaultConfigurationIsVisible = 0;
			defaultConfigurationName = Release;
		};
		88286F96206FD431003E7ACD /* Build configuration list for PBXNativeTarget "Neutrino" */ = {
			isa = XCConfigurationList;
			buildConfigurations = (
				88286F97206FD431003E7ACD /* Debug */,
				88286F98206FD431003E7ACD /* Release */,
			);
			defaultConfigurationIsVisible = 0;
			defaultConfigurationName = Release;
		};
/* End XCConfigurationList section */
	};
	rootObject = 88286F87206FD431003E7ACD /* Project object */;
}
